// !$*UTF8*$!
{
	archiveVersion = 1;
	classes = {
	};
	objectVersion = 77;
	objects = {

/* Begin PBXContainerItemProxy section */
		1C9B1CE32E2EAF9F00BEFBEA /* PBXContainerItemProxy */ = {
			isa = PBXContainerItemProxy;
			containerPortal = 1C9B1CCD2E2EAF9D00BEFBEA /* Project object */;
			proxyType = 1;
			remoteGlobalIDString = 1C9B1CD42E2EAF9D00BEFBEA;
			remoteInfo = Innovision;
		};
		1C9B1CED2E2EAF9F00BEFBEA /* PBXContainerItemProxy */ = {
			isa = PBXContainerItemProxy;
			containerPortal = 1C9B1CCD2E2EAF9D00BEFBEA /* Project object */;
			proxyType = 1;
			remoteGlobalIDString = 1C9B1CD42E2EAF9D00BEFBEA;
			remoteInfo = Innovision;
		};
/* End PBXContainerItemProxy section */

/* Begin PBXFileReference section */
		1C9B1CD52E2EAF9D00BEFBEA /* Innovision.app */ = {isa = PBXFileReference; explicitFileType = wrapper.application; includeInIndex = 0; path = Innovision.app; sourceTree = BUILT_PRODUCTS_DIR; };
		1C9B1CE22E2EAF9F00BEFBEA /* InnovisionTests.xctest */ = {isa = PBXFileReference; explicitFileType = wrapper.cfbundle; includeInIndex = 0; path = InnovisionTests.xctest; sourceTree = BUILT_PRODUCTS_DIR; };
		1C9B1CEC2E2EAF9F00BEFBEA /* InnovisionUITests.xctest */ = {isa = PBXFileReference; explicitFileType = wrapper.cfbundle; includeInIndex = 0; path = InnovisionUITests.xctest; sourceTree = BUILT_PRODUCTS_DIR; };
/* End PBXFileReference section */

/* Begin PBXFileSystemSynchronizedRootGroup section */
		1C9B1CD72E2EAF9D00BEFBEA /* Innovision */ = {
			isa = PBXFileSystemSynchronizedRootGroup;
			path = Innovision;
			sourceTree = "<group>";
		};
		1C9B1CE52E2EAF9F00BEFBEA /* InnovisionTests */ = {
			isa = PBXFileSystemSynchronizedRootGroup;
			path = InnovisionTests;
			sourceTree = "<group>";
		};
		1C9B1CEF2E2EAF9F00BEFBEA /* InnovisionUITests */ = {
			isa = PBXFileSystemSynchronizedRootGroup;
			path = InnovisionUITests;
			sourceTree = "<group>";
		};
/* End PBXFileSystemSynchronizedRootGroup section */

/* Begin PBXFrameworksBuildPhase section */
		1C9B1CD22E2EAF9D00BEFBEA /* Frameworks */ = {
			isa = PBXFrameworksBuildPhase;
			buildActionMask = 2147483647;
			files = (
			);
			runOnlyForDeploymentPostprocessing = 0;
		};
		1C9B1CDF2E2EAF9F00BEFBEA /* Frameworks */ = {
			isa = PBXFrameworksBuildPhase;
			buildActionMask = 2147483647;
			files = (
			);
			runOnlyForDeploymentPostprocessing = 0;
		};
		1C9B1CE92E2EAF9F00BEFBEA /* Frameworks */ = {
			isa = PBXFrameworksBuildPhase;
			buildActionMask = 2147483647;
			files = (
			);
			runOnlyForDeploymentPostprocessing = 0;
		};
/* End PBXFrameworksBuildPhase section */

/* Begin PBXGroup section */
		1C9B1CCC2E2EAF9D00BEFBEA = {
			isa = PBXGroup;
			children = (
				1C9B1CD72E2EAF9D00BEFBEA /* Innovision */,
				1C9B1CE52E2EAF9F00BEFBEA /* InnovisionTests */,
				1C9B1CEF2E2EAF9F00BEFBEA /* InnovisionUITests */,
				1C9B1CD62E2EAF9D00BEFBEA /* Products */,
			);
			sourceTree = "<group>";
		};
		1C9B1CD62E2EAF9D00BEFBEA /* Products */ = {
			isa = PBXGroup;
			children = (
				1C9B1CD52E2EAF9D00BEFBEA /* Innovision.app */,
				1C9B1CE22E2EAF9F00BEFBEA /* InnovisionTests.xctest */,
				1C9B1CEC2E2EAF9F00BEFBEA /* InnovisionUITests.xctest */,
			);
			name = Products;
			sourceTree = "<group>";
		};
/* End PBXGroup section */

/* Begin PBXNativeTarget section */
		1C9B1CD42E2EAF9D00BEFBEA /* Innovision */ = {
			isa = PBXNativeTarget;
			buildConfigurationList = 1C9B1CF62E2EAF9F00BEFBEA /* Build configuration list for PBXNativeTarget "Innovision" */;
			buildPhases = (
				1C9B1CD12E2EAF9D00BEFBEA /* Sources */,
				1C9B1CD22E2EAF9D00BEFBEA /* Frameworks */,
				1C9B1CD32E2EAF9D00BEFBEA /* Resources */,
			);
			buildRules = (
			);
			dependencies = (
			);
			fileSystemSynchronizedGroups = (
				1C9B1CD72E2EAF9D00BEFBEA /* Innovision */,
			);
			name = Innovision;
			packageProductDependencies = (
			);
			productName = Innovision;
			productReference = 1C9B1CD52E2EAF9D00BEFBEA /* Innovision.app */;
			productType = "com.apple.product-type.application";
		};
		1C9B1CE12E2EAF9F00BEFBEA /* InnovisionTests */ = {
			isa = PBXNativeTarget;
			buildConfigurationList = 1C9B1CF92E2EAF9F00BEFBEA /* Build configuration list for PBXNativeTarget "InnovisionTests" */;
			buildPhases = (
				1C9B1CDE2E2EAF9F00BEFBEA /* Sources */,
				1C9B1CDF2E2EAF9F00BEFBEA /* Frameworks */,
				1C9B1CE02E2EAF9F00BEFBEA /* Resources */,
			);
			buildRules = (
			);
			dependencies = (
				1C9B1CE42E2EAF9F00BEFBEA /* PBXTargetDependency */,
			);
			fileSystemSynchronizedGroups = (
				1C9B1CE52E2EAF9F00BEFBEA /* InnovisionTests */,
			);
			name = InnovisionTests;
			packageProductDependencies = (
			);
			productName = InnovisionTests;
			productReference = 1C9B1CE22E2EAF9F00BEFBEA /* InnovisionTests.xctest */;
			productType = "com.apple.product-type.bundle.unit-test";
		};
		1C9B1CEB2E2EAF9F00BEFBEA /* InnovisionUITests */ = {
			isa = PBXNativeTarget;
			buildConfigurationList = 1C9B1CFC2E2EAF9F00BEFBEA /* Build configuration list for PBXNativeTarget "InnovisionUITests" */;
			buildPhases = (
				1C9B1CE82E2EAF9F00BEFBEA /* Sources */,
				1C9B1CE92E2EAF9F00BEFBEA /* Frameworks */,
				1C9B1CEA2E2EAF9F00BEFBEA /* Resources */,
			);
			buildRules = (
			);
			dependencies = (
				1C9B1CEE2E2EAF9F00BEFBEA /* PBXTargetDependency */,
			);
			fileSystemSynchronizedGroups = (
				1C9B1CEF2E2EAF9F00BEFBEA /* InnovisionUITests */,
			);
			name = InnovisionUITests;
			packageProductDependencies = (
			);
			productName = InnovisionUITests;
			productReference = 1C9B1CEC2E2EAF9F00BEFBEA /* InnovisionUITests.xctest */;
			productType = "com.apple.product-type.bundle.ui-testing";
		};
/* End PBXNativeTarget section */

/* Begin PBXProject section */
		1C9B1CCD2E2EAF9D00BEFBEA /* Project object */ = {
			isa = PBXProject;
			attributes = {
				BuildIndependentTargetsInParallel = 1;
				LastSwiftUpdateCheck = 1640;
				LastUpgradeCheck = 1640;
				TargetAttributes = {
					1C9B1CD42E2EAF9D00BEFBEA = {
						CreatedOnToolsVersion = 16.4;
					};
					1C9B1CE12E2EAF9F00BEFBEA = {
						CreatedOnToolsVersion = 16.4;
						TestTargetID = 1C9B1CD42E2EAF9D00BEFBEA;
					};
					1C9B1CEB2E2EAF9F00BEFBEA = {
						CreatedOnToolsVersion = 16.4;
						TestTargetID = 1C9B1CD42E2EAF9D00BEFBEA;
					};
				};
			};
			buildConfigurationList = 1C9B1CD02E2EAF9D00BEFBEA /* Build configuration list for PBXProject "Innovision" */;
			developmentRegion = en;
			hasScannedForEncodings = 0;
			knownRegions = (
				en,
				Base,
			);
			mainGroup = 1C9B1CCC2E2EAF9D00BEFBEA;
			minimizedProjectReferenceProxies = 1;
			preferredProjectObjectVersion = 77;
			productRefGroup = 1C9B1CD62E2EAF9D00BEFBEA /* Products */;
			projectDirPath = "";
			projectRoot = "";
			targets = (
				1C9B1CD42E2EAF9D00BEFBEA /* Innovision */,
				1C9B1CE12E2EAF9F00BEFBEA /* InnovisionTests */,
				1C9B1CEB2E2EAF9F00BEFBEA /* InnovisionUITests */,
			);
		};
/* End PBXProject section */

/* Begin PBXResourcesBuildPhase section */
		1C9B1CD32E2EAF9D00BEFBEA /* Resources */ = {
			isa = PBXResourcesBuildPhase;
			buildActionMask = 2147483647;
			files = (
			);
			runOnlyForDeploymentPostprocessing = 0;
		};
		1C9B1CE02E2EAF9F00BEFBEA /* Resources */ = {
			isa = PBXResourcesBuildPhase;
			buildActionMask = 2147483647;
			files = (
			);
			runOnlyForDeploymentPostprocessing = 0;
		};
		1C9B1CEA2E2EAF9F00BEFBEA /* Resources */ = {
			isa = PBXResourcesBuildPhase;
			buildActionMask = 2147483647;
			files = (
			);
			runOnlyForDeploymentPostprocessing = 0;
		};
/* End PBXResourcesBuildPhase section */

/* Begin PBXSourcesBuildPhase section */
		1C9B1CD12E2EAF9D00BEFBEA /* Sources */ = {
			isa = PBXSourcesBuildPhase;
			buildActionMask = 2147483647;
			files = (
			);
			runOnlyForDeploymentPostprocessing = 0;
		};
		1C9B1CDE2E2EAF9F00BEFBEA /* Sources */ = {
			isa = PBXSourcesBuildPhase;
			buildActionMask = 2147483647;
			files = (
			);
			runOnlyForDeploymentPostprocessing = 0;
		};
		1C9B1CE82E2EAF9F00BEFBEA /* Sources */ = {
			isa = PBXSourcesBuildPhase;
			buildActionMask = 2147483647;
			files = (
			);
			runOnlyForDeploymentPostprocessing = 0;
		};
/* End PBXSourcesBuildPhase section */

/* Begin PBXTargetDependency section */
		1C9B1CE42E2EAF9F00BEFBEA /* PBXTargetDependency */ = {
			isa = PBXTargetDependency;
			target = 1C9B1CD42E2EAF9D00BEFBEA /* Innovision */;
			targetProxy = 1C9B1CE32E2EAF9F00BEFBEA /* PBXContainerItemProxy */;
		};
		1C9B1CEE2E2EAF9F00BEFBEA /* PBXTargetDependency */ = {
			isa = PBXTargetDependency;
			target = 1C9B1CD42E2EAF9D00BEFBEA /* Innovision */;
			targetProxy = 1C9B1CED2E2EAF9F00BEFBEA /* PBXContainerItemProxy */;
		};
/* End PBXTargetDependency section */

/* Begin XCBuildConfiguration section */
		1C9B1CF42E2EAF9F00BEFBEA /* Debug */ = {
			isa = XCBuildConfiguration;
			buildSettings = {
				ALWAYS_SEARCH_USER_PATHS = NO;
				ASSETCATALOG_COMPILER_GENERATE_SWIFT_ASSET_SYMBOL_EXTENSIONS = YES;
				CLANG_ANALYZER_NONNULL = YES;
				CLANG_ANALYZER_NUMBER_OBJECT_CONVERSION = YES_AGGRESSIVE;
				CLANG_CXX_LANGUAGE_STANDARD = "gnu++20";
				CLANG_ENABLE_MODULES = YES;
				CLANG_ENABLE_OBJC_ARC = YES;
				CLANG_ENABLE_OBJC_WEAK = YES;
				CLANG_WARN_BLOCK_CAPTURE_AUTORELEASING = YES;
				CLANG_WARN_BOOL_CONVERSION = YES;
				CLANG_WARN_COMMA = YES;
				CLANG_WARN_CONSTANT_CONVERSION = YES;
				CLANG_WARN_DEPRECATED_OBJC_IMPLEMENTATIONS = YES;
				CLANG_WARN_DIRECT_OBJC_ISA_USAGE = YES_ERROR;
				CLANG_WARN_DOCUMENTATION_COMMENTS = YES;
				CLANG_WARN_EMPTY_BODY = YES;
				CLANG_WARN_ENUM_CONVERSION = YES;
				CLANG_WARN_INFINITE_RECURSION = YES;
				CLANG_WARN_INT_CONVERSION = YES;
				CLANG_WARN_NON_LITERAL_NULL_CONVERSION = YES;
				CLANG_WARN_OBJC_IMPLICIT_RETAIN_SELF = YES;
				CLANG_WARN_OBJC_LITERAL_CONVERSION = YES;
				CLANG_WARN_OBJC_ROOT_CLASS = YES_ERROR;
				CLANG_WARN_QUOTED_INCLUDE_IN_FRAMEWORK_HEADER = YES;
				CLANG_WARN_RANGE_LOOP_ANALYSIS = YES;
				CLANG_WARN_STRICT_PROTOTYPES = YES;
				CLANG_WARN_SUSPICIOUS_MOVE = YES;
				CLANG_WARN_UNGUARDED_AVAILABILITY = YES_AGGRESSIVE;
				CLANG_WARN_UNREACHABLE_CODE = YES;
				CLANG_WARN__DUPLICATE_METHOD_MATCH = YES;
				COPY_PHASE_STRIP = NO;
				DEBUG_INFORMATION_FORMAT = dwarf;
				DEVELOPMENT_TEAM = HCW72Z4NCK;
				ENABLE_STRICT_OBJC_MSGSEND = YES;
				ENABLE_TESTABILITY = YES;
				ENABLE_USER_SCRIPT_SANDBOXING = YES;
				GCC_C_LANGUAGE_STANDARD = gnu17;
				GCC_DYNAMIC_NO_PIC = NO;
				GCC_NO_COMMON_BLOCKS = YES;
				GCC_OPTIMIZATION_LEVEL = 0;
				GCC_PREPROCESSOR_DEFINITIONS = (
					"DEBUG=1",
					"$(inherited)",
				);
				GCC_WARN_64_TO_32_BIT_CONVERSION = YES;
				GCC_WARN_ABOUT_RETURN_TYPE = YES_ERROR;
				GCC_WARN_UNDECLARED_SELECTOR = YES;
				GCC_WARN_UNINITIALIZED_AUTOS = YES_AGGRESSIVE;
				GCC_WARN_UNUSED_FUNCTION = YES;
				GCC_WARN_UNUSED_VARIABLE = YES;
				IPHONEOS_DEPLOYMENT_TARGET = 15.0;
				LOCALIZATION_PREFERS_STRING_CATALOGS = YES;
				MTL_ENABLE_DEBUG_INFO = INCLUDE_SOURCE;
				MTL_FAST_MATH = YES;
				ONLY_ACTIVE_ARCH = YES;
				SDKROOT = iphoneos;
				SWIFT_ACTIVE_COMPILATION_CONDITIONS = "DEBUG $(inherited)";
				SWIFT_OPTIMIZATION_LEVEL = "-Onone";
			};
			name = Debug;
		};
		1C9B1CF52E2EAF9F00BEFBEA /* Release */ = {
			isa = XCBuildConfiguration;
			buildSettings = {
				ALWAYS_SEARCH_USER_PATHS = NO;
				ASSETCATALOG_COMPILER_GENERATE_SWIFT_ASSET_SYMBOL_EXTENSIONS = YES;
				CLANG_ANALYZER_NONNULL = YES;
				CLANG_ANALYZER_NUMBER_OBJECT_CONVERSION = YES_AGGRESSIVE;
				CLANG_CXX_LANGUAGE_STANDARD = "gnu++20";
				CLANG_ENABLE_MODULES = YES;
				CLANG_ENABLE_OBJC_ARC = YES;
				CLANG_ENABLE_OBJC_WEAK = YES;
				CLANG_WARN_BLOCK_CAPTURE_AUTORELEASING = YES;
				CLANG_WARN_BOOL_CONVERSION = YES;
				CLANG_WARN_COMMA = YES;
				CLANG_WARN_CONSTANT_CONVERSION = YES;
				CLANG_WARN_DEPRECATED_OBJC_IMPLEMENTATIONS = YES;
				CLANG_WARN_DIRECT_OBJC_ISA_USAGE = YES_ERROR;
				CLANG_WARN_DOCUMENTATION_COMMENTS = YES;
				CLANG_WARN_EMPTY_BODY = YES;
				CLANG_WARN_ENUM_CONVERSION = YES;
				CLANG_WARN_INFINITE_RECURSION = YES;
				CLANG_WARN_INT_CONVERSION = YES;
				CLANG_WARN_NON_LITERAL_NULL_CONVERSION = YES;
				CLANG_WARN_OBJC_IMPLICIT_RETAIN_SELF = YES;
				CLANG_WARN_OBJC_LITERAL_CONVERSION = YES;
				CLANG_WARN_OBJC_ROOT_CLASS = YES_ERROR;
				CLANG_WARN_QUOTED_INCLUDE_IN_FRAMEWORK_HEADER = YES;
				CLANG_WARN_RANGE_LOOP_ANALYSIS = YES;
				CLANG_WARN_STRICT_PROTOTYPES = YES;
				CLANG_WARN_SUSPICIOUS_MOVE = YES;
				CLANG_WARN_UNGUARDED_AVAILABILITY = YES_AGGRESSIVE;
				CLANG_WARN_UNREACHABLE_CODE = YES;
				CLANG_WARN__DUPLICATE_METHOD_MATCH = YES;
				COPY_PHASE_STRIP = NO;
				DEBUG_INFORMATION_FORMAT = "dwarf-with-dsym";
				DEVELOPMENT_TEAM = HCW72Z4NCK;
				ENABLE_NS_ASSERTIONS = NO;
				ENABLE_STRICT_OBJC_MSGSEND = YES;
				ENABLE_USER_SCRIPT_SANDBOXING = YES;
				GCC_C_LANGUAGE_STANDARD = gnu17;
				GCC_NO_COMMON_BLOCKS = YES;
				GCC_WARN_64_TO_32_BIT_CONVERSION = YES;
				GCC_WARN_ABOUT_RETURN_TYPE = YES_ERROR;
				GCC_WARN_UNDECLARED_SELECTOR = YES;
				GCC_WARN_UNINITIALIZED_AUTOS = YES_AGGRESSIVE;
				GCC_WARN_UNUSED_FUNCTION = YES;
				GCC_WARN_UNUSED_VARIABLE = YES;
				IPHONEOS_DEPLOYMENT_TARGET = 15.0;
				LOCALIZATION_PREFERS_STRING_CATALOGS = YES;
				MTL_ENABLE_DEBUG_INFO = NO;
				MTL_FAST_MATH = YES;
				SDKROOT = iphoneos;
				SWIFT_COMPILATION_MODE = wholemodule;
				VALIDATE_PRODUCT = YES;
			};
			name = Release;
		};
		1C9B1CF72E2EAF9F00BEFBEA /* Debug */ = {
			isa = XCBuildConfiguration;
			buildSettings = {
				ASSETCATALOG_COMPILER_APPICON_NAME = AppIcon;
				ASSETCATALOG_COMPILER_GLOBAL_ACCENT_COLOR_NAME = AccentColor;
				CODE_SIGN_STYLE = Automatic;
				CURRENT_PROJECT_VERSION = 1;
				DEVELOPMENT_TEAM = K5353QT2G7;
				ENABLE_PREVIEWS = YES;
				GENERATE_INFOPLIST_FILE = YES;
				INFOPLIST_KEY_UIApplicationSceneManifest_Generation = YES;
				INFOPLIST_KEY_UIApplicationSupportsIndirectInputEvents = YES;
				INFOPLIST_KEY_UILaunchScreen_Generation = YES;
				INFOPLIST_KEY_UISupportedInterfaceOrientations_iPad = "UIInterfaceOrientationPortrait UIInterfaceOrientationPortraitUpsideDown UIInterfaceOrientationLandscapeLeft UIInterfaceOrientationLandscapeRight";
				INFOPLIST_KEY_UISupportedInterfaceOrientations_iPhone = "UIInterfaceOrientationPortrait UIInterfaceOrientationLandscapeLeft UIInterfaceOrientationLandscapeRight";
				LD_RUNPATH_SEARCH_PATHS = (
					"$(inherited)",
					"@executable_path/Frameworks",
				);
				MARKETING_VERSION = 1.0;
				PRODUCT_BUNDLE_IDENTIFIER = "mtsi2025-team5.Innovision";
				PRODUCT_NAME = "$(TARGET_NAME)";
				SWIFT_EMIT_LOC_STRINGS = YES;
				SWIFT_VERSION = 5.0;
				TARGETED_DEVICE_FAMILY = "1,2";
			};
			name = Debug;
		};
		1C9B1CF82E2EAF9F00BEFBEA /* Release */ = {
			isa = XCBuildConfiguration;
			buildSettings = {
				ASSETCATALOG_COMPILER_APPICON_NAME = AppIcon;
				ASSETCATALOG_COMPILER_GLOBAL_ACCENT_COLOR_NAME = AccentColor;
				CODE_SIGN_STYLE = Automatic;
				CURRENT_PROJECT_VERSION = 1;
				DEVELOPMENT_TEAM = K5353QT2G7;
				ENABLE_PREVIEWS = YES;
				GENERATE_INFOPLIST_FILE = YES;
				INFOPLIST_KEY_UIApplicationSceneManifest_Generation = YES;
				INFOPLIST_KEY_UIApplicationSupportsIndirectInputEvents = YES;
				INFOPLIST_KEY_UILaunchScreen_Generation = YES;
				INFOPLIST_KEY_UISupportedInterfaceOrientations_iPad = "UIInterfaceOrientationPortrait UIInterfaceOrientationPortraitUpsideDown UIInterfaceOrientationLandscapeLeft UIInterfaceOrientationLandscapeRight";
				INFOPLIST_KEY_UISupportedInterfaceOrientations_iPhone = "UIInterfaceOrientationPortrait UIInterfaceOrientationLandscapeLeft UIInterfaceOrientationLandscapeRight";
				LD_RUNPATH_SEARCH_PATHS = (
					"$(inherited)",
					"@executable_path/Frameworks",
				);
				MARKETING_VERSION = 1.0;
				PRODUCT_BUNDLE_IDENTIFIER = "mtsi2025-team5.Innovision";
				PRODUCT_NAME = "$(TARGET_NAME)";
				SWIFT_EMIT_LOC_STRINGS = YES;
				SWIFT_VERSION = 5.0;
				TARGETED_DEVICE_FAMILY = "1,2";
			};
			name = Release;
		};
		1C9B1CFA2E2EAF9F00BEFBEA /* Debug */ = {
			isa = XCBuildConfiguration;
			buildSettings = {
				BUNDLE_LOADER = "$(TEST_HOST)";
				CODE_SIGN_STYLE = Automatic;
				CURRENT_PROJECT_VERSION = 1;
				DEVELOPMENT_TEAM = HCW72Z4NCK;
				GENERATE_INFOPLIST_FILE = YES;
				IPHONEOS_DEPLOYMENT_TARGET = 15.0;
				MARKETING_VERSION = 1.0;
				PRODUCT_BUNDLE_IDENTIFIER = mtsi2025.InnovisionTests;
				PRODUCT_NAME = "$(TARGET_NAME)";
				SWIFT_EMIT_LOC_STRINGS = NO;
				SWIFT_VERSION = 5.0;
				TARGETED_DEVICE_FAMILY = "1,2";
				TEST_HOST = "$(BUILT_PRODUCTS_DIR)/Innovision.app/$(BUNDLE_EXECUTABLE_FOLDER_PATH)/Innovision";
			};
			name = Debug;
		};
		1C9B1CFB2E2EAF9F00BEFBEA /* Release */ = {
			isa = XCBuildConfiguration;
			buildSettings = {
				BUNDLE_LOADER = "$(TEST_HOST)";
				CODE_SIGN_STYLE = Automatic;
				CURRENT_PROJECT_VERSION = 1;
				DEVELOPMENT_TEAM = HCW72Z4NCK;
				GENERATE_INFOPLIST_FILE = YES;
				IPHONEOS_DEPLOYMENT_TARGET = 15.0;
				MARKETING_VERSION = 1.0;
				PRODUCT_BUNDLE_IDENTIFIER = mtsi2025.InnovisionTests;
				PRODUCT_NAME = "$(TARGET_NAME)";
				SWIFT_EMIT_LOC_STRINGS = NO;
				SWIFT_VERSION = 5.0;
				TARGETED_DEVICE_FAMILY = "1,2";
				TEST_HOST = "$(BUILT_PRODUCTS_DIR)/Innovision.app/$(BUNDLE_EXECUTABLE_FOLDER_PATH)/Innovision";
			};
			name = Release;
		};
		1C9B1CFD2E2EAF9F00BEFBEA /* Debug */ = {
			isa = XCBuildConfiguration;
			buildSettings = {
				CODE_SIGN_STYLE = Automatic;
				CURRENT_PROJECT_VERSION = 1;
				DEVELOPMENT_TEAM = HCW72Z4NCK;
				GENERATE_INFOPLIST_FILE = YES;
				MARKETING_VERSION = 1.0;
				PRODUCT_BUNDLE_IDENTIFIER = mtsi2025.InnovisionUITests;
				PRODUCT_NAME = "$(TARGET_NAME)";
				SWIFT_EMIT_LOC_STRINGS = NO;
				SWIFT_VERSION = 5.0;
				TARGETED_DEVICE_FAMILY = "1,2";
				TEST_TARGET_NAME = Innovision;
			};
			name = Debug;
		};
		1C9B1CFE2E2EAF9F00BEFBEA /* Release */ = {
			isa = XCBuildConfiguration;
			buildSettings = {
				CODE_SIGN_STYLE = Automatic;
				CURRENT_PROJECT_VERSION = 1;
				DEVELOPMENT_TEAM = HCW72Z4NCK;
				GENERATE_INFOPLIST_FILE = YES;
				MARKETING_VERSION = 1.0;
				PRODUCT_BUNDLE_IDENTIFIER = mtsi2025.InnovisionUITests;
				PRODUCT_NAME = "$(TARGET_NAME)";
				SWIFT_EMIT_LOC_STRINGS = NO;
				SWIFT_VERSION = 5.0;
				TARGETED_DEVICE_FAMILY = "1,2";
				TEST_TARGET_NAME = Innovision;
			};
			name = Release;
		};
/* End XCBuildConfiguration section */

/* Begin XCConfigurationList section */
		1C9B1CD02E2EAF9D00BEFBEA /* Build configuration list for PBXProject "Innovision" */ = {
			isa = XCConfigurationList;
			buildConfigurations = (
				1C9B1CF42E2EAF9F00BEFBEA /* Debug */,
				1C9B1CF52E2EAF9F00BEFBEA /* Release */,
			);
			defaultConfigurationIsVisible = 0;
			defaultConfigurationName = Release;
		};
		1C9B1CF62E2EAF9F00BEFBEA /* Build configuration list for PBXNativeTarget "Innovision" */ = {
			isa = XCConfigurationList;
			buildConfigurations = (
				1C9B1CF72E2EAF9F00BEFBEA /* Debug */,
				1C9B1CF82E2EAF9F00BEFBEA /* Release */,
			);
			defaultConfigurationIsVisible = 0;
			defaultConfigurationName = Release;
		};
		1C9B1CF92E2EAF9F00BEFBEA /* Build configuration list for PBXNativeTarget "InnovisionTests" */ = {
			isa = XCConfigurationList;
			buildConfigurations = (
				1C9B1CFA2E2EAF9F00BEFBEA /* Debug */,
				1C9B1CFB2E2EAF9F00BEFBEA /* Release */,
			);
			defaultConfigurationIsVisible = 0;
			defaultConfigurationName = Release;
		};
		1C9B1CFC2E2EAF9F00BEFBEA /* Build configuration list for PBXNativeTarget "InnovisionUITests" */ = {
			isa = XCConfigurationList;
			buildConfigurations = (
				1C9B1CFD2E2EAF9F00BEFBEA /* Debug */,
				1C9B1CFE2E2EAF9F00BEFBEA /* Release */,
			);
			defaultConfigurationIsVisible = 0;
			defaultConfigurationName = Release;
		};
/* End XCConfigurationList section */
	};
	rootObject = 1C9B1CCD2E2EAF9D00BEFBEA /* Project object */;
}
