// !$*UTF8*$!
{
	archiveVersion = 1;
	classes = {
	};
	objectVersion = 56;
	objects = {

/* Begin PBXBuildFile section */
		8B1234561A2B3C4D5E6F7890 /* EyeMedicationTrackerApp.swift in Sources */ = {isa = PBXBuildFile; fileRef = 8B1234551A2B3C4D5E6F7890 /* EyeMedicationTrackerApp.swift */; };
		8B1234581A2B3C4D5E6F7890 /* ContentView.swift in Sources */ = {isa = PBXBuildFile; fileRef = 8B1234571A2B3C4D5E6F7890 /* ContentView.swift */; };
		8B12345A1A2B3C4D5E6F7890 /* Assets.xcassets in Resources */ = {isa = PBXBuildFile; fileRef = 8B1234591A2B3C4D5E6F7890 /* Assets.xcassets */; };
		8B12345D1A2B3C4D5E6F7890 /* Preview Assets.xcassets in Resources */ = {isa = PBXBuildFile; fileRef = 8B12345C1A2B3C4D5E6F7890 /* Preview Assets.xcassets */; };
		8B12345F1A2B3C4D5E6F7890 /* Persistence.swift in Sources */ = {isa = PBXBuildFile; fileRef = 8B12345E1A2B3C4D5E6F7890 /* Persistence.swift */; };
		8B1234621A2B3C4D5E6F7890 /* EyeMedicationTracker.xcdatamodeld in Sources */ = {isa = PBXBuildFile; fileRef = 8B1234601A2B3C4D5E6F7890 /* EyeMedicationTracker.xcdatamodeld */; };
/* End PBXBuildFile section */

/* Begin PBXFileReference section */
		8B1234521A2B3C4D5E6F7890 /* EyeMedicationTracker.app */ = {isa = PBXFileReference; explicitFileType = wrapper.application; includeInIndex = 0; path = EyeMedicationTracker.app; sourceTree = BUILT_PRODUCTS_DIR; };
		8B1234551A2B3C4D5E6F7890 /* EyeMedicationTrackerApp.swift */ = {isa = PBXFileReference; lastKnownFileType = sourcecode.swift; path = EyeMedicationTrackerApp.swift; sourceTree = "<group>"; };
		8B1234571A2B3C4D5E6F7890 /* ContentView.swift */ = {isa = PBXFileReference; lastKnownFileType = sourcecode.swift; path = ContentView.swift; sourceTree = "<group>"; };
		8B1234591A2B3C4D5E6F7890 /* Assets.xcassets */ = {isa = PBXFileReference; lastKnownFileType = folder.assetcatalog; path = Assets.xcassets; sourceTree = "<group>"; };
		8B12345C1A2B3C4D5E6F7890 /* Preview Assets.xcassets */ = {isa = PBXFileReference; lastKnownFileType = folder.assetcatalog; path = "Preview Assets.xcassets"; sourceTree = "<group>"; };
		8B12345E1A2B3C4D5E6F7890 /* Persistence.swift */ = {isa = PBXFileReference; lastKnownFileType = sourcecode.swift; path = Persistence.swift; sourceTree = "<group>"; };
		8B1234611A2B3C4D5E6F7890 /* EyeMedicationTracker.xcdatamodel */ = {isa = PBXFileReference; lastKnownFileType = wrapper.xcdatamodel; path = EyeMedicationTracker.xcdatamodel; sourceTree = "<group>"; };
/* End PBXFileReference section */

/* Begin PBXFrameworksBuildPhase section */
		8B12344F1A2B3C4D5E6F7890 /* Frameworks */ = {
			isa = PBXFrameworksBuildPhase;
			buildActionMask = 2147483647;
			files = (
			);
			runOnlyForDeploymentPostprocessing = 0;
		};
/* End PBXFrameworksBuildPhase section */

/* Begin PBXGroup section */
		8B1234491A2B3C4D5E6F7890 = {
			isa = PBXGroup;
			children = (
				8B1234541A2B3C4D5E6F7890 /* EyeMedicationTracker */,
				8B1234531A2B3C4D5E6F7890 /* Products */,
			);
			sourceTree = "<group>";
		};
		8B1234531A2B3C4D5E6F7890 /* Products */ = {
			isa = PBXGroup;
			children = (
				8B1234521A2B3C4D5E6F7890 /* EyeMedicationTracker.app */,
			);
			name = Products;
			sourceTree = "<group>";
		};
		8B1234541A2B3C4D5E6F7890 /* EyeMedicationTracker */ = {
			isa = PBXGroup;
			children = (
				8B1234551A2B3C4D5E6F7890 /* EyeMedicationTrackerApp.swift */,
				8B1234571A2B3C4D5E6F7890 /* ContentView.swift */,
				8B1234691A2B3C4D5E6F7890 /* Models */,
				8B12346A1A2B3C4D5E6F7890 /* Views */,
				8B12346B1A2B3C4D5E6F7890 /* ViewModels */,
				8B12346C1A2B3C4D5E6F7890 /* Services */,
				8B12345E1A2B3C4D5E6F7890 /* Persistence.swift */,
				8B1234591A2B3C4D5E6F7890 /* Assets.xcassets */,
				8B1234601A2B3C4D5E6F7890 /* EyeMedicationTracker.xcdatamodeld */,
				8B12345B1A2B3C4D5E6F7890 /* Preview Content */,
			);
			path = EyeMedicationTracker;
			sourceTree = "<group>";
		};
		8B12345B1A2B3C4D5E6F7890 /* Preview Content */ = {
			isa = PBXGroup;
			children = (
				8B12345C1A2B3C4D5E6F7890 /* Preview Assets.xcassets */,
			);
			path = "Preview Content";
			sourceTree = "<group>";
		};
		8B1234691A2B3C4D5E6F7890 /* Models */ = {
			isa = PBXGroup;
			children = (
			);
			path = Models;
			sourceTree = "<group>";
		};
		8B12346A1A2B3C4D5E6F7890 /* Views */ = {
			isa = PBXGroup;
			children = (
			);
			path = Views;
			sourceTree = "<group>";
		};
		8B12346B1A2B3C4D5E6F7890 /* ViewModels */ = {
			isa = PBXGroup;
			children = (
			);
			path = ViewModels;
			sourceTree = "<group>";
		};
		8B12346C1A2B3C4D5E6F7890 /* Services */ = {
			isa = PBXGroup;
			children = (
			);
			path = Services;
			sourceTree = "<group>";
		};
/* End PBXGroup section */

/* Begin PBXNativeTarget section */
		8B1234511A2B3C4D5E6F7890 /* EyeMedicationTracker */ = {
			isa = PBXNativeTarget;
			buildConfigurationList = 8B1234651A2B3C4D5E6F7890 /* Build configuration list for PBXNativeTarget "EyeMedicationTracker" */;
			buildPhases = (
				8B12344E1A2B3C4D5E6F7890 /* Sources */,
				8B12344F1A2B3C4D5E6F7890 /* Frameworks */,
				8B1234501A2B3C4D5E6F7890 /* Resources */,
			);
			buildRules = (
			);
			dependencies = (
			);
			name = EyeMedicationTracker;
			productName = EyeMedicationTracker;
			productReference = 8B1234521A2B3C4D5E6F7890 /* EyeMedicationTracker.app */;
			productType = "com.apple.product-type.application";
		};
/* End PBXNativeTarget section */

/* Begin PBXProject section */
		8B12344A1A2B3C4D5E6F7890 /* Project object */ = {
			isa = PBXProject;
			attributes = {
				BuildIndependentTargetsInParallel = 1;
				LastSwiftUpdateCheck = 1540;
				LastUpgradeCheck = 1540;
				TargetAttributes = {
					8B1234511A2B3C4D5E6F7890 = {
						CreatedOnToolsVersion = 15.4;
					};
				};
			};
			buildConfigurationList = 8B12344D1A2B3C4D5E6F7890 /* Build configuration list for PBXProject "EyeMedicationTracker" */;
			compatibilityVersion = "Xcode 14.0";
			developmentRegion = en;
			hasScannedForEncodings = 0;
			knownRegions = (
				en,
				Base,
			);
			mainGroup = 8B1234491A2B3C4D5E6F7890;
			productRefGroup = 8B1234531A2B3C4D5E6F7890 /* Products */;
			projectDirPath = "";
			projectRoot = "";
			targets = (
				8B1234511A2B3C4D5E6F7890 /* EyeMedicationTracker */,
			);
		};
/* End PBXProject section */

/* Begin XCBuildConfiguration section */
		8B1234631A2B3C4D5E6F7890 /* Debug */ = {
			isa = XCBuildConfiguration;
			buildSettings = {
				ALWAYS_SEARCH_USER_PATHS = NO;
				ASSETCATALOG_COMPILER_GENERATE_SWIFT_ASSET_SYMBOL_EXTENSIONS = YES;
				CLANG_ANALYZER_NONNULL = YES;
				CLANG_ANALYZER_NUMBER_OBJECT_CONVERSION = YES_AGGRESSIVE;
				CLANG_CXX_LANGUAGE_STANDARD = "gnu++20";
				CLANG_ENABLE_MODULES = YES;
				CLANG_ENABLE_OBJC_ARC = YES;
				CLANG_ENABLE_OBJC_WEAK = YES;
				CLANG_WARN_BLOCK_CAPTURE_AUTORELEASING = YES;
				CLANG_WARN_BOOL_CONVERSION = YES;
				CLANG_WARN_COMMA = YES;
				CLANG_WARN_CONSTANT_CONVERSION = YES;
				CLANG_WARN_DEPRECATED_OBJC_IMPLEMENTATIONS = YES;
				CLANG_WARN_DIRECT_OBJC_ISA_USAGE = YES_ERROR;
				CLANG_WARN_DOCUMENTATION_COMMENTS = YES;
				CLANG_WARN_EMPTY_BODY = YES;
				CLANG_WARN_ENUM_CONVERSION = YES;
				CLANG_WARN_INFINITE_RECURSION = YES;
				CLANG_WARN_INT_CONVERSION = YES;
				CLANG_WARN_NON_LITERAL_NULL_CONVERSION = YES;
				CLANG_WARN_OBJC_IMPLICIT_RETAIN_SELF = YES;
				CLANG_WARN_OBJC_LITERAL_CONVERSION = YES;
				CLANG_WARN_OBJC_ROOT_CLASS = YES_ERROR;
				CLANG_WARN_QUOTED_INCLUDE_IN_FRAMEWORK_HEADER = YES;
				CLANG_WARN_RANGE_LOOP_ANALYSIS = YES;
				CLANG_WARN_STRICT_PROTOTYPES = YES;
				CLANG_WARN_SUSPICIOUS_MOVE = YES;
				CLANG_WARN_UNGUARDED_AVAILABILITY = YES_AGGRESSIVE;
				CLANG_WARN_UNREACHABLE_CODE = YES;
				CLANG_WARN__DUPLICATE_METHOD_MATCH = YES;
				COPY_PHASE_STRIP = NO;
				DEBUG_INFORMATION_FORMAT = dwarf;
				ENABLE_STRICT_OBJC_MSGSEND = YES;
				ENABLE_TESTABILITY = YES;
				ENABLE_USER_SCRIPT_SANDBOXING = YES;
				GCC_C_LANGUAGE_STANDARD = gnu17;
				GCC_DYNAMIC_NO_PIC = NO;
				GCC_NO_COMMON_BLOCKS = YES;
				GCC_OPTIMIZATION_LEVEL = 0;
				GCC_PREPROCESSOR_DEFINITIONS = (
					"DEBUG=1",
					"$(inherited)",
				);
				GCC_WARN_64_TO_32_BIT_CONVERSION = YES;
				GCC_WARN_ABOUT_RETURN_TYPE = YES_ERROR;
				GCC_WARN_UNDECLARED_SELECTOR = YES;
				GCC_WARN_UNINITIALIZED_AUTOS = YES_AGGRESSIVE;
				GCC_WARN_UNUSED_FUNCTION = YES;
				GCC_WARN_UNUSED_VARIABLE = YES;
				IPHONEOS_DEPLOYMENT_TARGET = 16.0;
				LOCALIZATION_PREFERS_STRING_CATALOGS = YES;
				MTL_ENABLE_DEBUG_INFO = INCLUDE_SOURCE;
				MTL_FAST_MATH = YES;
				ONLY_ACTIVE_ARCH = YES;
				SDKROOT = iphoneos;
				SWIFT_ACTIVE_COMPILATION_CONDITIONS = "DEBUG $(inherited)";
				SWIFT_OPTIMIZATION_LEVEL = "-Onone";
			};
			name = Debug;
		};
		8B1234641A2B3C4D5E6F7890 /* Release */ = {
			isa = XCBuildConfiguration;
			buildSettings = {
				ALWAYS_SEARCH_USER_PATHS = NO;
				ASSETCATALOG_COMPILER_GENERATE_SWIFT_ASSET_SYMBOL_EXTENSIONS = YES;
				CLANG_ANALYZER_NONNULL = YES;
				CLANG_ANALYZER_NUMBER_OBJECT_CONVERSION = YES_AGGRESSIVE;
				CLANG_CXX_LANGUAGE_STANDARD = "gnu++20";
				CLANG_ENABLE_MODULES = YES;
				CLANG_ENABLE_OBJC_ARC = YES;
				CLANG_ENABLE_OBJC_WEAK = YES;
				CLANG_WARN_BLOCK_CAPTURE_AUTORELEASING = YES;
				CLANG_WARN_BOOL_CONVERSION = YES;
				CLANG_WARN_COMMA = YES;
				CLANG_WARN_CONSTANT_CONVERSION = YES;
				CLANG_WARN_DEPRECATED_OBJC_IMPLEMENTATIONS = YES;
				CLANG_WARN_DIRECT_OBJC_ISA_USAGE = YES_ERROR;
				CLANG_WARN_DOCUMENTATION_COMMENTS = YES;
				CLANG_WARN_EMPTY_BODY = YES;
				CLANG_WARN_ENUM_CONVERSION = YES;
				CLANG_WARN_INFINITE_RECURSION = YES;
				CLANG_WARN_INT_CONVERSION = YES;
				CLANG_WARN_NON_LITERAL_NULL_CONVERSION = YES;
				CLANG_WARN_OBJC_IMPLICIT_RETAIN_SELF = YES;
				CLANG_WARN_OBJC_LITERAL_CONVERSION = YES;
				CLANG_WARN_OBJC_ROOT_CLASS = YES_ERROR;
				CLANG_WARN_QUOTED_INCLUDE_IN_FRAMEWORK_HEADER = YES;
				CLANG_WARN_RANGE_LOOP_ANALYSIS = YES;
				CLANG_WARN_STRICT_PROTOTYPES = YES;
				CLANG_WARN_SUSPICIOUS_MOVE = YES;
				CLANG_WARN_UNGUARDED_AVAILABILITY = YES_AGGRESSIVE;
				CLANG_WARN_UNREACHABLE_CODE = YES;
				CLANG_WARN__DUPLICATE_METHOD_MATCH = YES;
				COPY_PHASE_STRIP = NO;
				DEBUG_INFORMATION_FORMAT = "dwarf-with-dsym";
				ENABLE_NS_ASSERTIONS = NO;
				ENABLE_STRICT_OBJC_MSGSEND = YES;
				ENABLE_USER_SCRIPT_SANDBOXING = YES;
				GCC_C_LANGUAGE_STANDARD = gnu17;
				GCC_NO_COMMON_BLOCKS = YES;
				GCC_WARN_64_TO_32_BIT_CONVERSION = YES;
				GCC_WARN_ABOUT_RETURN_TYPE = YES_ERROR;
				GCC_WARN_UNDECLARED_SELECTOR = YES;
				GCC_WARN_UNINITIALIZED_AUTOS = YES_AGGRESSIVE;
				GCC_WARN_UNUSED_FUNCTION = YES;
				GCC_WARN_UNUSED_VARIABLE = YES;
				IPHONEOS_DEPLOYMENT_TARGET = 16.0;
				LOCALIZATION_PREFERS_STRING_CATALOGS = YES;
				MTL_ENABLE_DEBUG_INFO = NO;
				MTL_FAST_MATH = YES;
				SDKROOT = iphoneos;
				SWIFT_COMPILATION_MODE = wholemodule;
				VALIDATE_PRODUCT = YES;
			};
			name = Release;
		};
		8B1234661A2B3C4D5E6F7890 /* Debug */ = {
			isa = XCBuildConfiguration;
			buildSettings = {
				ASSETCATALOG_COMPILER_APPICON_NAME = AppIcon;
				ASSETCATALOG_COMPILER_GLOBAL_ACCENT_COLOR = AccentColor;
				CODE_SIGN_STYLE = Automatic;
				CURRENT_PROJECT_VERSION = 1;
				DEVELOPMENT_ASSET_PATHS = "\"EyeMedicationTracker/Preview Content\"";
				DEVELOPMENT_TEAM = "";
				ENABLE_PREVIEWS = YES;
				GENERATE_INFOPLIST_FILE = YES;
				INFOPLIST_KEY_CFBundleDisplayName = "Eye Care Tracker";
				INFOPLIST_KEY_NSCameraUsageDescription = "This app uses the camera for eye tracking to assist with medication timing.";
				INFOPLIST_KEY_NSLocalNetworkUsageDescription = "This app connects to your Arduino device on the local network for eye tracking control.";
				INFOPLIST_KEY_UIApplicationSceneManifest_Generation = YES;
				INFOPLIST_KEY_UIApplicationSupportsIndirectInputEvents = YES;
				INFOPLIST_KEY_UILaunchScreen_Generation = YES;
				INFOPLIST_KEY_UISupportedInterfaceOrientations = UIInterfaceOrientationPortrait;
				INFOPLIST_KEY_UISupportedInterfaceOrientations_iPad = "UIInterfaceOrientationPortrait UIInterfaceOrientationPortraitUpsideDown";
				LD_RUNPATH_SEARCH_PATHS = (
					"$(inherited)",
					"@executable_path/Frameworks",
				);
				MARKETING_VERSION = 1.0;
				PRODUCT_BUNDLE_IDENTIFIER = com.eyecare.medicationtracker;
				PRODUCT_NAME = "$(TARGET_NAME)";
				SWIFT_EMIT_LOC_STRINGS = YES;
				SWIFT_VERSION = 5.0;
				TARGETED_DEVICE_FAMILY = "1,2";
			};
			name = Debug;
		};
		8B1234671A2B3C4D5E6F7890 /* Release */ = {
			isa = XCBuildConfiguration;
			buildSettings = {
				ASSETCATALOG_COMPILER_APPICON_NAME = AppIcon;
				ASSETCATALOG_COMPILER_GLOBAL_ACCENT_COLOR = AccentColor;
				CODE_SIGN_STYLE = Automatic;
				CURRENT_PROJECT_VERSION = 1;
				DEVELOPMENT_ASSET_PATHS = "\"EyeMedicationTracker/Preview Content\"";
				DEVELOPMENT_TEAM = "";
				ENABLE_PREVIEWS = YES;
				GENERATE_INFOPLIST_FILE = YES;
				INFOPLIST_KEY_CFBundleDisplayName = "Eye Care Tracker";
				INFOPLIST_KEY_NSCameraUsageDescription = "This app uses the camera for eye tracking to assist with medication timing.";
				INFOPLIST_KEY_NSLocalNetworkUsageDescription = "This app connects to your Arduino device on the local network for eye tracking control.";
				INFOPLIST_KEY_UIApplicationSceneManifest_Generation = YES;
				INFOPLIST_KEY_UIApplicationSupportsIndirectInputEvents = YES;
				INFOPLIST_KEY_UILaunchScreen_Generation = YES;
				INFOPLIST_KEY_UISupportedInterfaceOrientations = UIInterfaceOrientationPortrait;
				INFOPLIST_KEY_UISupportedInterfaceOrientations_iPad = "UIInterfaceOrientationPortrait UIInterfaceOrientationPortraitUpsideDown";
				LD_RUNPATH_SEARCH_PATHS = (
					"$(inherited)",
					"@executable_path/Frameworks",
				);
				MARKETING_VERSION = 1.0;
				PRODUCT_BUNDLE_IDENTIFIER = com.eyecare.medicationtracker;
				PRODUCT_NAME = "$(TARGET_NAME)";
				SWIFT_EMIT_LOC_STRINGS = YES;
				SWIFT_VERSION = 5.0;
				TARGETED_DEVICE_FAMILY = "1,2";
			};
			name = Release;
		};
/* End XCBuildConfiguration section */

/* Begin XCConfigurationList section */
		8B12344D1A2B3C4D5E6F7890 /* Build configuration list for PBXProject "EyeMedicationTracker" */ = {
			isa = XCConfigurationList;
			buildConfigurations = (
				8B1234631A2B3C4D5E6F7890 /* Debug */,
				8B1234641A2B3C4D5E6F7890 /* Release */,
			);
			defaultConfigurationIsVisible = 0;
			defaultConfigurationName = Release;
		};
		8B1234651A2B3C4D5E6F7890 /* Build configuration list for PBXNativeTarget "EyeMedicationTracker" */ = {
			isa = XCConfigurationList;
			buildConfigurations = (
				8B1234661A2B3C4D5E6F7890 /* Debug */,
				8B1234671A2B3C4D5E6F7890 /* Release */,
			);
			defaultConfigurationIsVisible = 0;
			defaultConfigurationName = Release;
		};
/* End XCConfigurationList section */

/* Begin XCVersionGroup section */
		8B1234601A2B3C4D5E6F7890 /* EyeMedicationTracker.xcdatamodeld */ = {
			isa = XCVersionGroup;
			children = (
				8B1234611A2B3C4D5E6F7890 /* EyeMedicationTracker.xcdatamodel */,
			);
			currentVersion = 8B1234611A2B3C4D5E6F7890 /* EyeMedicationTracker.xcdatamodel */;
			path = EyeMedicationTracker.xcdatamodeld;
			sourceTree = "<group>";
			versionGroupType = wrapper.xcdatamodel;
		};
/* End XCVersionGroup section */
	};
	rootObject = 8B12344A1A2B3C4D5E6F7890 /* Project object */;
}